{
  "R": {
    "Version": "4.3.0",
    "Repositories": [
      {
        "Name": "CRAN",
        "URL": "https://cran.rstudio.com"
      }
    ]
  },
  "Packages": {
    "BH": {
      "Package": "BH",
      "Version": "1.81.0-1",
      "Source": "Repository",
      "Repository": "CRAN",
      "Hash": "68122010f01c4dcfbe58ce7112f2433d"
    },
    "Brobdingnag": {
      "Package": "Brobdingnag",
      "Version": "1.2-9",
      "Source": "Repository",
      "Repository": "CRAN",
      "Hash": "00077243042334c50b74cdfafe172870"
    },
    "DBI": {
      "Package": "DBI",
      "Version": "1.1.3",
      "Source": "Repository",
      "Repository": "CRAN",
      "Hash": "b2866e62bab9378c3cc9476a1954226b"
    },
    "DT": {
      "Package": "DT",
      "Version": "0.28",
      "Source": "Repository",
      "Repository": "CRAN",
      "Hash": "ab745834dfae7eaf71dd0b90f3b66759"
    },
    "MASS": {
      "Package": "MASS",
      "Version": "7.3-58.1",
      "Source": "Repository",
      "Repository": "CRAN",
      "Hash": "762e1804143a332333c054759f89a706"
    },
    "Matrix": {
      "Package": "Matrix",
      "Version": "1.6-0",
      "Source": "Repository",
      "Repository": "CRAN",
      "Hash": "31262fd18481fab05c5e7258dac163ca"
    },
    "MatrixModels": {
      "Package": "MatrixModels",
      "Version": "0.5-2",
      "Source": "Repository",
      "Repository": "CRAN",
      "Hash": "26749bd5c7c4123dd23aeb9159be22d6"
    },
    "R6": {
      "Package": "R6",
      "Version": "2.5.1",
      "Source": "Repository",
      "Repository": "CRAN",
      "Hash": "470851b6d5d0ac559e9d01bb352b4021"
    },
    "RColorBrewer": {
      "Package": "RColorBrewer",
      "Version": "1.1-3",
      "Source": "Repository",
      "Repository": "CRAN",
      "Hash": "45f0398006e83a5b10b72a90663d8d8c"
    },
    "Rcpp": {
      "Package": "Rcpp",
      "Version": "1.0.11",
      "Source": "Repository",
      "Repository": "CRAN",
      "Hash": "ae6cbbe1492f4de79c45fce06f967ce8"
    },
    "RcppEigen": {
      "Package": "RcppEigen",
      "Version": "0.3.3.9.3",
      "Source": "Repository",
      "Repository": "CRAN",
      "Hash": "1e035db628cefb315c571202d70202fe"
    },
    "RcppParallel": {
      "Package": "RcppParallel",
      "Version": "5.1.7",
      "Source": "Repository",
      "Repository": "CRAN",
      "Hash": "a45594a00f5dbb073d5ec9f48592a08a"
    },
    "SparseM": {
      "Package": "SparseM",
      "Version": "1.81",
      "Source": "Repository",
      "Repository": "CRAN",
      "Hash": "2042cd9759cc89a453c4aefef0ce9aae"
    },
    "StanHeaders": {
      "Package": "StanHeaders",
      "Version": "2.26.27",
      "Source": "Repository",
      "Repository": "CRAN",
      "Hash": "f29d708a8e830a90d8f6d2acf1734974"
    },
    "abind": {
      "Package": "abind",
      "Version": "1.4-5",
      "Source": "Repository",
      "Repository": "CRAN",
      "Hash": "4f57884290cc75ab22f4af9e9d4ca862"
    },
    "askpass": {
      "Package": "askpass",
      "Version": "1.1",
      "Source": "Repository",
      "Repository": "CRAN",
      "Hash": "e8a22846fff485f0be3770c2da758713"
    },
    "backports": {
      "Package": "backports",
      "Version": "1.4.1",
      "Source": "Repository",
      "Repository": "CRAN",
      "Hash": "c39fbec8a30d23e721980b8afb31984c"
    },
    "base64enc": {
      "Package": "base64enc",
      "Version": "0.1-3",
      "Source": "Repository",
      "Repository": "CRAN",
      "Hash": "543776ae6848fde2f48ff3816d0628bc"
    },
    "bayesplot": {
      "Package": "bayesplot",
      "Version": "1.10.0",
      "Source": "Repository",
      "Repository": "CRAN",
      "Hash": "9c4f6ab31da906185d23e69a88595cf7"
    },
    "bit": {
      "Package": "bit",
      "Version": "4.0.5",
      "Source": "Repository",
      "Repository": "CRAN",
      "Hash": "d242abec29412ce988848d0294b208fd"
    },
    "bit64": {
      "Package": "bit64",
      "Version": "4.0.5",
      "Source": "Repository",
      "Repository": "CRAN",
      "Hash": "9fe98599ca456d6552421db0d6772d8f"
    },
    "blob": {
      "Package": "blob",
      "Version": "1.2.4",
      "Source": "Repository",
      "Repository": "CRAN",
      "Hash": "40415719b5a479b87949f3aa0aee737c"
    },
    "bridgesampling": {
      "Package": "bridgesampling",
      "Version": "1.1-2",
      "Source": "Repository",
      "Repository": "CRAN",
      "Hash": "a64d4be61a31696fec80dc24cef69a9c"
    },
    "brms": {
      "Package": "brms",
      "Version": "2.19.0",
      "Source": "Repository",
      "Repository": "CRAN",
      "Hash": "b484ee174254a710678382eb1536602d"
    },
    "broom": {
      "Package": "broom",
      "Version": "1.0.5",
      "Source": "Repository",
      "Repository": "CRAN",
      "Hash": "fd25391c3c4f6ecf0fa95f1e6d15378c"
    },
    "bslib": {
      "Package": "bslib",
      "Version": "0.5.1",
      "Source": "Repository",
      "Repository": "CRAN",
      "Hash": "283015ddfbb9d7bf15ea9f0b5698f0d9"
    },
    "cachem": {
      "Package": "cachem",
      "Version": "1.0.8",
      "Source": "Repository",
      "Repository": "CRAN",
      "Hash": "c35768291560ce302c0a6589f92e837d"
    },
    "callr": {
      "Package": "callr",
      "Version": "3.7.3",
      "Source": "Repository",
      "Repository": "CRAN",
      "Hash": "9b2191ede20fa29828139b9900922e51"
    },
    "cellranger": {
      "Package": "cellranger",
      "Version": "1.1.0",
      "Source": "Repository",
      "Repository": "CRAN",
      "Hash": "f61dbaec772ccd2e17705c1e872e9e7c"
    },
    "checkmate": {
      "Package": "checkmate",
      "Version": "2.2.0",
      "Source": "Repository",
      "Repository": "CRAN",
      "Hash": "ca9c113196136f4a9ca9ce6079c2c99e"
    },
    "cli": {
      "Package": "cli",
      "Version": "3.6.1",
      "Source": "Repository",
      "Repository": "CRAN",
      "Hash": "89e6d8219950eac806ae0c489052048a"
    },
    "clipr": {
      "Package": "clipr",
      "Version": "0.8.0",
      "Source": "Repository",
      "Repository": "CRAN",
      "Hash": "3f038e5ac7f41d4ac41ce658c85e3042"
    },
    "coda": {
      "Package": "coda",
      "Version": "0.19-4",
      "Source": "Repository",
      "Repository": "CRAN",
      "Hash": "24b6d006b8b2343876cf230687546932"
    },
    "codetools": {
      "Package": "codetools",
      "Version": "0.2-18",
      "Source": "Repository",
      "Repository": "CRAN",
      "Hash": "019388fc48e48b3da0d3a76ff94608a8"
    },
    "colorspace": {
      "Package": "colorspace",
      "Version": "2.1-0",
      "Source": "Repository",
      "Repository": "CRAN",
      "Hash": "f20c47fd52fae58b4e377c37bb8c335b"
    },
    "colourpicker": {
      "Package": "colourpicker",
      "Version": "1.2.0",
      "Source": "Repository",
      "Repository": "CRAN",
      "Hash": "ca4d99d106687d68392ffe270081bfc0"
    },
    "commonmark": {
      "Package": "commonmark",
      "Version": "1.9.0",
      "Source": "Repository",
      "Repository": "CRAN",
      "Hash": "d691c61bff84bd63c383874d2d0c3307"
    },
    "conflicted": {
      "Package": "conflicted",
      "Version": "1.2.0",
      "Source": "Repository",
      "Repository": "CRAN",
      "Hash": "bb097fccb22d156624fd07cd2894ddb6"
    },
    "cpp11": {
      "Package": "cpp11",
      "Version": "0.4.6",
      "Source": "Repository",
      "Repository": "CRAN",
      "Hash": "707fae4bbf73697ec8d85f9d7076c061"
    },
    "crayon": {
      "Package": "crayon",
      "Version": "1.5.2",
      "Source": "Repository",
      "Repository": "CRAN",
      "Hash": "e8a1e41acf02548751f45c718d55aa6a"
    },
    "crosstalk": {
      "Package": "crosstalk",
      "Version": "1.2.0",
      "Source": "Repository",
      "Repository": "CRAN",
      "Hash": "6aa54f69598c32177e920eb3402e8293"
    },
    "curl": {
      "Package": "curl",
      "Version": "5.0.1",
      "Source": "Repository",
      "Repository": "CRAN",
      "Hash": "2118af9cb164c8d2dddc7b89eaf732d9"
    },
    "data.table": {
      "Package": "data.table",
      "Version": "1.14.8",
      "Source": "Repository",
      "Repository": "CRAN",
      "Hash": "b4c06e554f33344e044ccd7fdca750a9"
    },
    "dbplyr": {
      "Package": "dbplyr",
      "Version": "2.3.3",
      "Source": "Repository",
      "Repository": "CRAN",
      "Hash": "d6fd1b1440c1cacc6623aaa4e9fe352b"
    },
    "desc": {
      "Package": "desc",
      "Version": "1.4.2",
      "Source": "Repository",
      "Repository": "CRAN",
      "Hash": "6b9602c7ebbe87101a9c8edb6e8b6d21"
    },
    "digest": {
      "Package": "digest",
      "Version": "0.6.33",
      "Source": "Repository",
      "Repository": "CRAN",
      "Hash": "b18a9cf3c003977b0cc49d5e76ebe48d"
    },
    "distributional": {
      "Package": "distributional",
      "Version": "0.3.2",
      "Source": "Repository",
      "Repository": "CRAN",
      "Hash": "0a94c3c917918a1c90f4609171ff41b6"
    },
    "doParallel": {
      "Package": "doParallel",
      "Version": "1.0.17",
      "Source": "Repository",
      "Repository": "CRAN",
      "Hash": "451e5edf411987991ab6a5410c45011f"
    },
    "dplyr": {
      "Package": "dplyr",
      "Version": "1.1.2",
      "Source": "Repository",
      "Repository": "CRAN",
      "Hash": "dea6970ff715ca541c387de363ff405e"
    },
    "dtplyr": {
      "Package": "dtplyr",
      "Version": "1.3.1",
      "Source": "Repository",
      "Repository": "CRAN",
      "Hash": "54ed3ea01b11e81a86544faaecfef8e2"
    },
    "dygraphs": {
      "Package": "dygraphs",
      "Version": "1.1.1.6",
      "Source": "Repository",
      "Repository": "CRAN",
      "Hash": "716869fffc16e282c118f8894e082a7d"
    },
    "ellipsis": {
      "Package": "ellipsis",
      "Version": "0.3.2",
      "Source": "Repository",
      "Repository": "CRAN",
      "Hash": "bb0eec2fe32e88d9e2836c2f73ea2077"
    },
    "evaluate": {
      "Package": "evaluate",
      "Version": "0.21",
      "Source": "Repository",
      "Repository": "CRAN",
      "Hash": "d59f3b464e8da1aef82dc04b588b8dfb"
    },
    "fansi": {
      "Package": "fansi",
      "Version": "1.0.4",
      "Source": "Repository",
      "Repository": "CRAN",
      "Hash": "1d9e7ad3c8312a192dea7d3db0274fde"
    },
    "farver": {
      "Package": "farver",
      "Version": "2.1.1",
      "Source": "Repository",
      "Repository": "CRAN",
      "Hash": "8106d78941f34855c440ddb946b8f7a5"
    },
    "fastmap": {
      "Package": "fastmap",
      "Version": "1.1.1",
      "Source": "Repository",
      "Repository": "CRAN",
      "Hash": "f7736a18de97dea803bde0a2daaafb27"
    },
    "fontawesome": {
      "Package": "fontawesome",
      "Version": "0.5.1",
      "Source": "Repository",
      "Repository": "CRAN",
      "Hash": "1e22b8cabbad1eae951a75e9f8b52378"
    },
    "forcats": {
      "Package": "forcats",
      "Version": "1.0.0",
      "Source": "Repository",
      "Repository": "CRAN",
      "Hash": "1a0a9a3d5083d0d573c4214576f1e690"
    },
    "foreach": {
      "Package": "foreach",
      "Version": "1.5.2",
      "Source": "Repository",
      "Repository": "CRAN",
      "Hash": "618609b42c9406731ead03adf5379850"
    },
    "foreign": {
      "Package": "foreign",
      "Version": "0.8-83",
      "Source": "Repository",
      "Repository": "CRAN",
      "Hash": "4e43a8846712a6d5991b19b9bd5f9199"
    },
    "fs": {
      "Package": "fs",
      "Version": "1.6.3",
      "Source": "Repository",
      "Repository": "CRAN",
      "Hash": "47b5f30c720c23999b913a1a635cf0bb"
    },
    "future": {
      "Package": "future",
      "Version": "1.33.0",
      "Source": "Repository",
      "Repository": "CRAN",
      "Hash": "8e92c7bc53e91b9bb1faf9a6ef0e8514"
    },
    "gargle": {
      "Package": "gargle",
      "Version": "1.5.2",
      "Source": "Repository",
      "Repository": "CRAN",
      "Hash": "fc0b272e5847c58cd5da9b20eedbd026"
    },
    "generics": {
      "Package": "generics",
      "Version": "0.1.3",
      "Source": "Repository",
      "Repository": "CRAN",
      "Hash": "15e9634c0fcd294799e9b2e929ed1b86"
    },
    "ggplot2": {
      "Package": "ggplot2",
      "Version": "3.4.2",
      "Source": "Repository",
      "Repository": "CRAN",
      "Hash": "3a147ee02e85a8941aad9909f1b43b7b"
    },
    "ggrepel": {
      "Package": "ggrepel",
      "Version": "0.9.3",
      "Source": "Repository",
      "Repository": "CRAN",
      "Hash": "92edfac53774706b4d6099f3ee6f6306"
    },
    "ggridges": {
      "Package": "ggridges",
      "Version": "0.5.4",
      "Source": "Repository",
      "Repository": "CRAN",
      "Hash": "c76ee8fe60939384b9726128e38caea0"
    },
    "globals": {
      "Package": "globals",
      "Version": "0.16.2",
      "Source": "Repository",
      "Repository": "CRAN",
      "Hash": "baa9585ab4ce47a9f4618e671778cc6f"
    },
    "glue": {
      "Package": "glue",
      "Version": "1.6.2",
      "Source": "Repository",
      "Repository": "CRAN",
      "Hash": "4f2596dfb05dac67b9dc558e5c6fba2e"
    },
    "googledrive": {
      "Package": "googledrive",
      "Version": "2.1.1",
      "Source": "Repository",
      "Repository": "CRAN",
      "Hash": "e99641edef03e2a5e87f0a0b1fcc97f4"
    },
    "googlesheets4": {
      "Package": "googlesheets4",
      "Version": "1.1.1",
      "Source": "Repository",
      "Repository": "CRAN",
      "Hash": "d6db1667059d027da730decdc214b959"
    },
    "gridExtra": {
      "Package": "gridExtra",
      "Version": "2.3",
      "Source": "Repository",
      "Repository": "CRAN",
      "Hash": "7d7f283939f563670a697165b2cf5560"
    },
    "gtable": {
      "Package": "gtable",
      "Version": "0.3.3",
      "Source": "Repository",
      "Repository": "CRAN",
      "Hash": "b44addadb528a0d227794121c00572a0"
    },
    "gtools": {
      "Package": "gtools",
      "Version": "3.9.4",
      "Source": "Repository",
      "Repository": "CRAN",
      "Hash": "88bb96eaf7140cdf29e374ef74182220"
    },
    "haven": {
      "Package": "haven",
      "Version": "2.5.3",
      "Source": "Repository",
      "Repository": "CRAN",
      "Hash": "9b302fe352f9cfc5dcf0a4139af3a565"
    },
    "highr": {
      "Package": "highr",
      "Version": "0.10",
      "Source": "Repository",
      "Repository": "CRAN",
      "Hash": "06230136b2d2b9ba5805e1963fa6e890"
    },
    "hms": {
      "Package": "hms",
      "Version": "1.1.3",
      "Source": "Repository",
      "Repository": "CRAN",
      "Hash": "b59377caa7ed00fa41808342002138f9"
    },
    "htmltools": {
      "Package": "htmltools",
      "Version": "0.5.6",
      "Source": "Repository",
      "Repository": "CRAN",
      "Hash": "a2326a66919a3311f7fbb1e3bf568283"
    },
    "htmlwidgets": {
      "Package": "htmlwidgets",
      "Version": "1.6.2",
      "Source": "Repository",
      "Repository": "CRAN",
      "Hash": "a865aa85bcb2697f47505bfd70422471"
    },
    "httpuv": {
      "Package": "httpuv",
      "Version": "1.6.11",
      "Source": "Repository",
      "Repository": "CRAN",
      "Hash": "838602f54e32c1a0f8cc80708cefcefa"
    },
    "httr": {
      "Package": "httr",
      "Version": "1.4.6",
      "Source": "Repository",
      "Repository": "CRAN",
      "Hash": "7e5e3cbd2a7bc07880c94e22348fb661"
    },
    "ids": {
      "Package": "ids",
      "Version": "1.0.1",
      "Source": "Repository",
      "Repository": "CRAN",
      "Hash": "99df65cfef20e525ed38c3d2577f7190"
    },
    "igraph": {
      "Package": "igraph",
      "Version": "1.5.1",
      "Source": "Repository",
      "Repository": "CRAN",
      "Hash": "80401cb5ec513e8ddc56764d03f63669"
    },
    "inline": {
      "Package": "inline",
      "Version": "0.3.19",
      "Source": "Repository",
      "Repository": "CRAN",
      "Hash": "1deaf1de3eac7e1d3377954b3a283652"
    },
    "isoband": {
      "Package": "isoband",
      "Version": "0.2.7",
      "Source": "Repository",
      "Repository": "CRAN",
      "Hash": "0080607b4a1a7b28979aecef976d8bc2"
    },
    "iterators": {
      "Package": "iterators",
      "Version": "1.0.14",
      "Source": "Repository",
      "Repository": "CRAN",
      "Hash": "8954069286b4b2b0d023d1b288dce978"
    },
    "jquerylib": {
      "Package": "jquerylib",
      "Version": "0.1.4",
      "Source": "Repository",
      "Repository": "CRAN",
      "Hash": "5aab57a3bd297eee1c1d862735972182"
    },
    "jsonlite": {
      "Package": "jsonlite",
      "Version": "1.8.7",
      "Source": "Repository",
      "Repository": "CRAN",
      "Hash": "266a20443ca13c65688b2116d5220f76"
    },
    "knitr": {
      "Package": "knitr",
      "Version": "1.43",
      "Source": "Repository",
      "Repository": "CRAN",
      "Hash": "9775eb076713f627c07ce41d8199d8f6"
    },
    "labeling": {
      "Package": "labeling",
      "Version": "0.4.2",
      "Source": "Repository",
      "Repository": "CRAN",
      "Hash": "3d5108641f47470611a32d0bdf357a72"
    },
    "later": {
      "Package": "later",
      "Version": "1.3.1",
      "Source": "Repository",
      "Repository": "CRAN",
      "Hash": "40401c9cf2bc2259dfe83311c9384710"
    },
    "lattice": {
      "Package": "lattice",
      "Version": "0.20-45",
      "Source": "Repository",
      "Repository": "CRAN",
      "Hash": "b64cdbb2b340437c4ee047a1f4c4377b"
    },
    "lazyeval": {
      "Package": "lazyeval",
      "Version": "0.2.2",
      "Source": "Repository",
      "Repository": "CRAN",
      "Hash": "d908914ae53b04d4c0c0fd72ecc35370"
    },
    "lifecycle": {
      "Package": "lifecycle",
      "Version": "1.0.3",
      "Source": "Repository",
      "Repository": "CRAN",
      "Hash": "001cecbeac1cff9301bdc3775ee46a86"
    },
    "listenv": {
      "Package": "listenv",
      "Version": "0.9.0",
      "Source": "Repository",
      "Repository": "CRAN",
      "Hash": "4fbd3679ec8ee169ba28d4b1ea7d0e8f"
    },
    "loo": {
      "Package": "loo",
      "Version": "2.6.0",
      "Source": "Repository",
      "Repository": "CRAN",
      "Hash": "e5c8f41731502a0e98f353da23f7ca30"
    },
    "lubridate": {
      "Package": "lubridate",
      "Version": "1.9.2",
      "Source": "Repository",
      "Repository": "CRAN",
      "Hash": "e25f18436e3efd42c7c590a1c4c15390"
    },
    "magrittr": {
      "Package": "magrittr",
      "Version": "2.0.3",
      "Source": "Repository",
      "Repository": "CRAN",
      "Hash": "7ce2733a9826b3aeb1775d56fd305472"
    },
    "markdown": {
      "Package": "markdown",
      "Version": "1.7",
      "Source": "Repository",
      "Repository": "CRAN",
      "Hash": "0ffaea87c070a56d140ce00b0727b278"
    },
    "matrixStats": {
      "Package": "matrixStats",
      "Version": "1.0.0",
      "Source": "Repository",
      "Repository": "CRAN",
      "Hash": "9143629fd64335aac6a6250d1c1ed82a"
    },
    "memoise": {
      "Package": "memoise",
      "Version": "2.0.1",
      "Source": "Repository",
      "Repository": "CRAN",
      "Hash": "e2817ccf4a065c5d9d7f2cfbe7c1d78c"
    },
    "mgcv": {
      "Package": "mgcv",
      "Version": "1.8-41",
      "Source": "Repository",
      "Repository": "CRAN",
      "Hash": "6b3904f13346742caa3e82dd0303d4ad"
    },
    "mime": {
      "Package": "mime",
      "Version": "0.12",
      "Source": "Repository",
      "Repository": "CRAN",
      "Hash": "18e9c28c1d3ca1560ce30658b22ce104"
    },
    "miniUI": {
      "Package": "miniUI",
      "Version": "0.1.1.1",
      "Source": "Repository",
      "Repository": "CRAN",
      "Hash": "fec5f52652d60615fdb3957b3d74324a"
    },
    "modelr": {
      "Package": "modelr",
      "Version": "0.1.11",
      "Source": "Repository",
      "Repository": "CRAN",
      "Hash": "4f50122dc256b1b6996a4703fecea821"
    },
    "munsell": {
      "Package": "munsell",
      "Version": "0.5.0",
      "Source": "Repository",
      "Repository": "CRAN",
      "Hash": "6dfe8bf774944bd5595785e3229d8771"
    },
    "mvtnorm": {
      "Package": "mvtnorm",
      "Version": "1.2-2",
      "Source": "Repository",
      "Repository": "CRAN",
      "Hash": "ef6270cb713747aa8211620d6a47188d"
    },
    "nleqslv": {
      "Package": "nleqslv",
      "Version": "3.3.4",
      "Source": "Repository",
      "Repository": "CRAN",
      "Hash": "5825e6b8a2474066c5e7601a93ed1f17"
    },
    "nlme": {
      "Package": "nlme",
      "Version": "3.1-160",
      "Source": "Repository",
      "Repository": "CRAN",
      "Hash": "02e3c6e7df163aafa8477225e6827bc5"
    },
    "numDeriv": {
      "Package": "numDeriv",
      "Version": "2016.8-1.1",
      "Source": "Repository",
      "Repository": "CRAN",
      "Hash": "df58958f293b166e4ab885ebcad90e02"
    },
    "openssl": {
      "Package": "openssl",
      "Version": "2.1.0",
      "Source": "Repository",
      "Repository": "CRAN",
      "Hash": "273a6bb4a9844c296a459d2176673270"
    },
    "openxlsx": {
      "Package": "openxlsx",
      "Version": "4.2.5.2",
      "Source": "Repository",
      "Repository": "CRAN",
      "Hash": "c03b4c18d42da881fb8e15a085c2b9d6"
    },
    "parallelly": {
      "Package": "parallelly",
      "Version": "1.36.0",
      "Source": "Repository",
      "Repository": "CRAN",
      "Hash": "bca377e1c87ec89ebed77bba00635b2e"
    },
    "pillar": {
      "Package": "pillar",
      "Version": "1.9.0",
      "Source": "Repository",
      "Repository": "CRAN",
      "Hash": "15da5a8412f317beeee6175fbc76f4bb"
    },
    "pkgbuild": {
      "Package": "pkgbuild",
      "Version": "1.4.2",
      "Source": "Repository",
      "Repository": "CRAN",
      "Hash": "beb25b32a957a22a5c301a9e441190b3"
    },
    "pkgconfig": {
      "Package": "pkgconfig",
      "Version": "2.0.3",
      "Source": "Repository",
      "Repository": "CRAN",
      "Hash": "01f28d4278f15c76cddbea05899c5d6f"
    },
    "plyr": {
      "Package": "plyr",
      "Version": "1.8.8",
      "Source": "Repository",
      "Repository": "CRAN",
      "Hash": "d744387aef9047b0b48be2933d78e862"
    },
    "posterior": {
      "Package": "posterior",
      "Version": "1.4.1",
      "Source": "Repository",
      "Repository": "CRAN",
      "Hash": "7be6f62ae6281e965f09ca8657a066b2"
    },
    "prettyunits": {
      "Package": "prettyunits",
      "Version": "1.1.1",
      "Source": "Repository",
      "Repository": "CRAN",
      "Hash": "95ef9167b75dde9d2ccc3c7528393e7e"
    },
    "processx": {
      "Package": "processx",
      "Version": "3.8.2",
      "Source": "Repository",
      "Repository": "CRAN",
      "Hash": "3efbd8ac1be0296a46c55387aeace0f3"
    },
    "progress": {
      "Package": "progress",
      "Version": "1.2.2",
      "Source": "Repository",
      "Repository": "CRAN",
      "Hash": "14dc9f7a3c91ebb14ec5bb9208a07061"
    },
    "promises": {
      "Package": "promises",
      "Version": "1.2.1",
      "Source": "Repository",
      "Repository": "CRAN",
      "Hash": "0d8a15c9d000970ada1ab21405387dee"
    },
    "ps": {
      "Package": "ps",
      "Version": "1.7.5",
      "Source": "Repository",
      "Repository": "CRAN",
      "Hash": "709d852d33178db54b17c722e5b1e594"
    },
    "purrr": {
      "Package": "purrr",
      "Version": "1.0.2",
      "Source": "Repository",
      "Repository": "CRAN",
      "Hash": "1cba04a4e9414bdefc9dcaa99649a8dc"
    },
    "qgam": {
      "Package": "qgam",
      "Version": "1.3.4",
      "Source": "Repository",
      "Repository": "CRAN",
      "Hash": "e3bd5ade848251657381d2a0668def59"
    },
    "quantreg": {
      "Package": "quantreg",
      "Version": "5.96",
      "Source": "Repository",
      "Repository": "CRAN",
      "Hash": "47a0047c3082b2a285434db2eb418dcc"
    },
    "ragg": {
      "Package": "ragg",
      "Version": "1.2.5",
      "Source": "Repository",
      "Repository": "CRAN",
      "Hash": "690bc058ea2b1b8a407d3cfe3dce3ef9"
    },
    "rappdirs": {
      "Package": "rappdirs",
      "Version": "0.3.3",
      "Source": "Repository",
      "Repository": "CRAN",
      "Hash": "5e3c5dc0b071b21fa128676560dbe94d"
    },
    "readr": {
      "Package": "readr",
      "Version": "2.1.4",
      "Source": "Repository",
      "Repository": "CRAN",
      "Hash": "b5047343b3825f37ad9d3b5d89aa1078"
    },
    "readxl": {
      "Package": "readxl",
      "Version": "1.4.3",
      "Source": "Repository",
      "Repository": "CRAN",
      "Hash": "8cf9c239b96df1bbb133b74aef77ad0a"
    },
    "rematch": {
      "Package": "rematch",
      "Version": "1.0.1",
      "Source": "Repository",
      "Repository": "CRAN",
      "Hash": "c66b930d20bb6d858cd18e1cebcfae5c"
    },
    "rematch2": {
      "Package": "rematch2",
      "Version": "2.1.2",
      "Source": "Repository",
      "Repository": "CRAN",
      "Hash": "76c9e04c712a05848ae7a23d2f170a40"
    },
    "renv": {
      "Package": "renv",
      "Version": "1.0.2",
      "Source": "Repository"
    },
    "reprex": {
      "Package": "reprex",
      "Version": "2.0.2",
      "Source": "Repository",
      "Repository": "CRAN",
      "Hash": "d66fe009d4c20b7ab1927eb405db9ee2"
    },
    "reshape2": {
      "Package": "reshape2",
      "Version": "1.4.4",
      "Source": "Repository",
      "Repository": "CRAN",
      "Hash": "bb5996d0bd962d214a11140d77589917"
    },
    "rio": {
      "Package": "rio",
      "Version": "0.5.29",
      "Source": "Repository",
      "Repository": "CRAN",
      "Hash": "9ee902fb3142b159f60bdb4eaf763a3a"
    },
    "rlang": {
      "Package": "rlang",
      "Version": "1.1.1",
      "Source": "Repository",
      "Repository": "CRAN",
      "Hash": "a85c767b55f0bf9b7ad16c6d7baee5bb"
    },
    "rmarkdown": {
      "Package": "rmarkdown",
      "Version": "2.23",
      "Source": "Repository",
      "Repository": "CRAN",
      "Hash": "79f14e53725f28900d936f692bfdd69f"
    },
    "rprojroot": {
      "Package": "rprojroot",
      "Version": "2.0.3",
      "Source": "Repository",
      "Repository": "CRAN",
      "Hash": "1de7ab598047a87bba48434ba35d497d"
    },
    "rstan": {
      "Package": "rstan",
      "Version": "2.21.8",
      "Source": "Repository",
      "Repository": "CRAN",
      "Hash": "f8db1aa2a405b61dda9ebc5a732a59d3"
    },
    "rstantools": {
      "Package": "rstantools",
      "Version": "2.3.1.1",
      "Source": "Repository",
      "Repository": "CRAN",
      "Hash": "32d3b6fe28162eb1c430697f95f40a83"
    },
    "rstudioapi": {
      "Package": "rstudioapi",
      "Version": "0.15.0",
      "Source": "Repository",
      "Repository": "CRAN",
      "Hash": "5564500e25cffad9e22244ced1379887"
    },
    "rvest": {
      "Package": "rvest",
      "Version": "1.0.3",
      "Source": "Repository",
      "Repository": "CRAN",
      "Hash": "a4a5ac819a467808c60e36e92ddf195e"
    },
    "sass": {
      "Package": "sass",
      "Version": "0.4.7",
      "Source": "Repository",
      "Repository": "CRAN",
      "Hash": "6bd4d33b50ff927191ec9acbf52fd056"
    },
    "scales": {
      "Package": "scales",
      "Version": "1.2.1",
      "Source": "Repository",
      "Repository": "CRAN",
      "Hash": "906cb23d2f1c5680b8ce439b44c6fa63"
    },
    "selectr": {
      "Package": "selectr",
      "Version": "0.4-2",
      "Source": "Repository",
      "Repository": "CRAN",
      "Hash": "3838071b66e0c566d55cc26bd6e27bf4"
    },
    "shiny": {
      "Package": "shiny",
      "Version": "1.7.5",
      "Source": "Repository",
      "Repository": "CRAN",
      "Hash": "438b99792adbe82a8329ad8697d45afe"
    },
    "shinyjs": {
      "Package": "shinyjs",
      "Version": "2.1.0",
      "Source": "Repository",
      "Repository": "CRAN",
      "Hash": "802e4786b353a4bb27116957558548d5"
    },
    "shinystan": {
      "Package": "shinystan",
      "Version": "2.6.0",
      "Source": "Repository",
      "Repository": "CRAN",
      "Hash": "1f345faf46bb40014c3ccf7f77a75d19"
    },
    "shinythemes": {
      "Package": "shinythemes",
      "Version": "1.2.0",
      "Source": "Repository",
      "Repository": "CRAN",
      "Hash": "30f0ebc41feba25691073626ff5e2cf4"
    },
    "sourcetools": {
      "Package": "sourcetools",
      "Version": "0.1.7-1",
      "Source": "Repository",
      "Repository": "CRAN",
      "Hash": "5f5a7629f956619d519205ec475fe647"
    },
    "stringi": {
      "Package": "stringi",
      "Version": "1.7.12",
      "Source": "Repository",
      "Repository": "CRAN",
      "Hash": "ca8bd84263c77310739d2cf64d84d7c9"
    },
    "stringr": {
      "Package": "stringr",
      "Version": "1.5.0",
      "Source": "Repository",
      "Repository": "CRAN",
      "Hash": "671a4d384ae9d32fc47a14e98bfa3dc8"
    },
    "survival": {
      "Package": "survival",
      "Version": "3.4-0",
      "Source": "Repository",
      "Repository": "CRAN",
      "Hash": "04411ae66ab4659230c067c32966fc20"
    },
    "sys": {
      "Package": "sys",
      "Version": "3.4.2",
      "Source": "Repository",
      "Repository": "CRAN",
      "Hash": "3a1be13d68d47a8cd0bfd74739ca1555"
    },
    "systemfonts": {
      "Package": "systemfonts",
      "Version": "1.0.4",
      "Source": "Repository",
      "Repository": "CRAN",
      "Hash": "90b28393209827327de889f49935140a"
    },
    "tensorA": {
      "Package": "tensorA",
      "Version": "0.36.2",
      "Source": "Repository",
      "Repository": "CRAN",
      "Hash": "fd792ceac77f96b647fa8d6e1788969a"
    },
    "textshaping": {
      "Package": "textshaping",
      "Version": "0.3.6",
      "Source": "Repository",
      "Repository": "CRAN",
      "Hash": "1ab6223d3670fac7143202cb6a2d43d5"
    },
    "threejs": {
      "Package": "threejs",
      "Version": "0.3.3",
      "Source": "Repository",
      "Repository": "CRAN",
      "Hash": "2ad32c3a8745e827977f394bc387e3b0"
    },
    "tibble": {
      "Package": "tibble",
      "Version": "3.2.1",
      "Source": "Repository",
      "Repository": "CRAN",
      "Hash": "a84e2cc86d07289b3b6f5069df7a004c"
    },
    "tidyr": {
      "Package": "tidyr",
      "Version": "1.3.0",
      "Source": "Repository",
      "Repository": "CRAN",
      "Hash": "e47debdc7ce599b070c8e78e8ac0cfcf"
    },
    "tidyselect": {
      "Package": "tidyselect",
      "Version": "1.2.0",
      "Source": "Repository",
      "Repository": "CRAN",
      "Hash": "79540e5fcd9e0435af547d885f184fd5"
    },
    "tidyverse": {
      "Package": "tidyverse",
      "Version": "2.0.0",
      "Source": "Repository",
      "Repository": "CRAN",
      "Hash": "c328568cd14ea89a83bd4ca7f54ae07e"
    },
    "timechange": {
      "Package": "timechange",
      "Version": "0.2.0",
      "Source": "Repository",
      "Repository": "CRAN",
      "Hash": "8548b44f79a35ba1791308b61e6012d7"
    },
    "tinytex": {
      "Package": "tinytex",
      "Version": "0.46",
      "Source": "Repository",
      "Repository": "CRAN",
      "Hash": "0c41a73214d982f539c56a7773c7afa5"
    },
    "tzdb": {
      "Package": "tzdb",
      "Version": "0.4.0",
      "Source": "Repository",
      "Repository": "CRAN",
      "Hash": "f561504ec2897f4d46f0c7657e488ae1"
    },
    "utf8": {
      "Package": "utf8",
      "Version": "1.2.3",
      "Source": "Repository",
      "Repository": "CRAN",
      "Hash": "1fe17157424bb09c48a8b3b550c753bc"
    },
    "uuid": {
      "Package": "uuid",
      "Version": "1.1-0",
      "Source": "Repository",
      "Repository": "CRAN",
      "Hash": "f1cb46c157d080b729159d407be83496"
    },
    "vctrs": {
      "Package": "vctrs",
      "Version": "0.6.3",
      "Source": "Repository",
      "Repository": "CRAN",
      "Hash": "d0ef2856b83dc33ea6e255caf6229ee2"
    },
    "viridisLite": {
      "Package": "viridisLite",
      "Version": "0.4.2",
      "Source": "Repository",
      "Repository": "CRAN",
      "Hash": "c826c7c4241b6fc89ff55aaea3fa7491"
    },
    "vroom": {
      "Package": "vroom",
      "Version": "1.6.3",
      "Source": "Repository",
      "Repository": "CRAN",
      "Hash": "8318e64ffb3a70e652494017ec455561"
    },
    "withr": {
      "Package": "withr",
      "Version": "2.5.0",
      "Source": "Repository",
      "Repository": "CRAN",
      "Hash": "c0e49a9760983e81e55cdd9be92e7182"
    },
    "xfun": {
      "Package": "xfun",
      "Version": "0.40",
      "Source": "Repository",
      "Repository": "CRAN",
      "Hash": "be07d23211245fc7d4209f54c4e4ffc8"
    },
    "xml2": {
      "Package": "xml2",
      "Version": "1.3.5",
      "Source": "Repository",
      "Repository": "CRAN",
      "Hash": "6c40e5cfcc6aefd88110666e18c31f40"
    },
    "xtable": {
      "Package": "xtable",
      "Version": "1.8-4",
      "Source": "Repository",
      "Repository": "CRAN",
      "Hash": "b8acdf8af494d9ec19ccb2481a9b11c2"
    },
    "xts": {
      "Package": "xts",
      "Version": "0.13.1",
      "Source": "Repository",
      "Repository": "CRAN",
      "Hash": "b8aa1235fd8b0ff10756150b792dc60f"
    },
    "yaml": {
      "Package": "yaml",
      "Version": "2.3.7",
      "Source": "Repository",
      "Repository": "CRAN",
      "Hash": "0d0056cc5383fbc240ccd0cb584bf436"
    },
    "zip": {
      "Package": "zip",
      "Version": "2.3.0",
      "Source": "Repository",
      "Repository": "CRAN",
      "Hash": "d98c94dacb7e0efcf83b0a133a705504"
    },
    "zoo": {
      "Package": "zoo",
      "Version": "1.8-12",
      "Source": "Repository",
      "Repository": "CRAN",
      "Hash": "5c715954112b45499fb1dadc6ee6ee3e"
    }
  }
}
